
Microsoft Visual Studio Solution File, Format Version 12.00
# Visual Studio Version 17
VisualStudioVersion = 17.6.33723.286
MinimumVisualStudioVersion = 10.0.40219.1
Project("{9A19103F-16F7-4668-BE54-9A1E7A4F7556}") = "TradePerformance.UI", "TradePerformance.UI.csproj", "{213F13A4-9904-4CCB-822C-FA8E60C7C34B}"
EndProject
Global
	GlobalSection(SolutionConfigurationPlatforms) = preSolution
		Debug|Any CPU = Debug|Any CPU
		Release|Any CPU = Release|Any CPU
	EndGlobalSection
	GlobalSection(ProjectConfigurationPlatforms) = postSolution
		{213F13A4-9904-4CCB-822C-FA8E60C7C34B}.Debug|Any CPU.ActiveCfg = Debug|Any CPU
		{213F13A4-9904-4CCB-822C-FA8E60C7C34B}.Debug|Any CPU.Build.0 = Debug|Any CPU
		{213F13A4-9904-4CCB-822C-FA8E60C7C34B}.Release|Any CPU.ActiveCfg = Release|Any CPU
		{213F13A4-9904-4CCB-822C-FA8E60C7C34B}.Release|Any CPU.Build.0 = Release|Any CPU
	EndGlobalSection
	GlobalSection(SolutionProperties) = preSolution
		HideSolutionNode = FALSE
	EndGlobalSection
	GlobalSection(ExtensibilityGlobals) = postSolution
		SolutionGuid = {B97976FA-5B30-4966-AF1B-B9B7F83DA575}
	EndGlobalSection
EndGlobal
